<Solution>
  <Folder Name="/src/">
    <Project Path="src/KenticoSentinel.Core/KenticoSentinel.Core.csproj" />
    <Project Path="src/KenticoSentinel.XbyK/KenticoSentinel.XbyK.csproj" />
    <Project Path="src/KenticoSentinel.XbyK.Admin/KenticoSentinel.XbyK.Admin.csproj" />
    <Project Path="src/KenticoSentinel/KenticoSentinel.csproj" />
  </Folder>
  <Folder Name="/tests/">
    <Project Path="tests/KenticoSentinel.Tests/KenticoSentinel.Tests.csproj" />
  </Folder>
</Solution>
